{
    "name": "fpreact",
    "version": "0.0.0",
    "lockfileVersion": 1,
    "requires": true,
    "dependencies": {
        "preact": {
            "version": "8.2.5",
            "resolved": "https://registry.npmjs.org/preact/-/preact-8.2.5.tgz",
            "integrity": "sha1-y/o5YqgBJ2gVn20B1G+cHrMhPAo=",
            "dev": true
        },
        "typescript": {
            "version": "2.5.3",
            "resolved": "https://registry.npmjs.org/typescript/-/typescript-2.5.3.tgz",
            "integrity": "sha512-ptLSQs2S4QuS6/OD1eAKG+S5G8QQtrU5RT32JULdZQtM1L3WTi34Wsu48Yndzi8xsObRAB9RPt/KhA9wlpEF6w==",
            "dev": true
        }
    }
}
